
Microsoft Visual Studio Solution File, Format Version 12.00
# Visual Studio Version 17
VisualStudioVersion = 17.5.33516.290
MinimumVisualStudioVersion = 10.0.40219.1
Project("{2150E333-8FDC-42A3-9474-1A3956D46DE8}") = "FrontEnd", "FrontEnd", "{C599CB95-6F53-49DA-89EB-3DF0810B35DA}"
EndProject
Project("{2150E333-8FDC-42A3-9474-1A3956D46DE8}") = "Services", "Services", "{3CE3C488-3EF0-4962-85A5-E122796956B6}"
EndProject
Project("{9A19103F-16F7-4668-BE54-9A1E7A4F7556}") = "Fiap.Web", "Fiap.Web\Fiap.Web.csproj", "{2E76C896-C79E-4431-93F4-50A0AFBBA49D}"
EndProject
Project("{9A19103F-16F7-4668-BE54-9A1E7A4F7556}") = "Fiap.Services.CursoAPI", "Fiap.Services.CursoAPI\Fiap.Services.CursoAPI.csproj", "{7B16EF29-1D2D-4955-ACA6-02BC1B874B44}"
EndProject
Project("{9A19103F-16F7-4668-BE54-9A1E7A4F7556}") = "Fiap.Services.Identity", "Fiap.Services.Identity\Fiap.Services.Identity.csproj", "{4E5DDCA9-FFC9-4168-87D5-2116A5988A57}"
EndProject
Project("{9A19103F-16F7-4668-BE54-9A1E7A4F7556}") = "Fiap.Services.CarrinhoAPI", "Fiap.Services.CarrinhoAPI\Fiap.Services.CarrinhoAPI.csproj", "{FA6DC8D8-8C01-4F8B-A51F-090685434A47}"
EndProject
Project("{9A19103F-16F7-4668-BE54-9A1E7A4F7556}") = "Fiap.Services.PromocaoAPI", "Fiap.Services.PromocaoAPI\Fiap.Services.PromocaoAPI.csproj", "{E7D75969-6907-4F66-A1D2-033588B6C153}"
EndProject
Project("{9A19103F-16F7-4668-BE54-9A1E7A4F7556}") = "Fiap.Services.ReciboAPI", "Fiap.Services.ReciboAPI\Fiap.Services.ReciboAPI.csproj", "{0A798E78-6991-495A-A9FE-578A78658B8B}"
EndProject
Project("{9A19103F-16F7-4668-BE54-9A1E7A4F7556}") = "Fiap.Services.PagamentoAPI", "Fiap.Services.PagamentoAPI\Fiap.Services.PagamentoAPI.csproj", "{01C2C610-1E07-4D31-944B-D967DECB53B4}"
EndProject
Project("{9A19103F-16F7-4668-BE54-9A1E7A4F7556}") = "Fiap.Services.PedidoAPI", "Fiap.Services.PedidoAPI\Fiap.Services.PedidoAPI.csproj", "{8B4791F9-4665-41C5-A4B3-B954DBE5D453}"
EndProject
Global
	GlobalSection(SolutionConfigurationPlatforms) = preSolution
		Debug|Any CPU = Debug|Any CPU
		Release|Any CPU = Release|Any CPU
	EndGlobalSection
	GlobalSection(ProjectConfigurationPlatforms) = postSolution
		{2E76C896-C79E-4431-93F4-50A0AFBBA49D}.Debug|Any CPU.ActiveCfg = Debug|Any CPU
		{2E76C896-C79E-4431-93F4-50A0AFBBA49D}.Debug|Any CPU.Build.0 = Debug|Any CPU
		{2E76C896-C79E-4431-93F4-50A0AFBBA49D}.Release|Any CPU.ActiveCfg = Release|Any CPU
		{2E76C896-C79E-4431-93F4-50A0AFBBA49D}.Release|Any CPU.Build.0 = Release|Any CPU
		{7B16EF29-1D2D-4955-ACA6-02BC1B874B44}.Debug|Any CPU.ActiveCfg = Debug|Any CPU
		{7B16EF29-1D2D-4955-ACA6-02BC1B874B44}.Debug|Any CPU.Build.0 = Debug|Any CPU
		{7B16EF29-1D2D-4955-ACA6-02BC1B874B44}.Release|Any CPU.ActiveCfg = Release|Any CPU
		{7B16EF29-1D2D-4955-ACA6-02BC1B874B44}.Release|Any CPU.Build.0 = Release|Any CPU
		{4E5DDCA9-FFC9-4168-87D5-2116A5988A57}.Debug|Any CPU.ActiveCfg = Debug|Any CPU
		{4E5DDCA9-FFC9-4168-87D5-2116A5988A57}.Debug|Any CPU.Build.0 = Debug|Any CPU
		{4E5DDCA9-FFC9-4168-87D5-2116A5988A57}.Release|Any CPU.ActiveCfg = Release|Any CPU
		{4E5DDCA9-FFC9-4168-87D5-2116A5988A57}.Release|Any CPU.Build.0 = Release|Any CPU
		{FA6DC8D8-8C01-4F8B-A51F-090685434A47}.Debug|Any CPU.ActiveCfg = Debug|Any CPU
		{FA6DC8D8-8C01-4F8B-A51F-090685434A47}.Debug|Any CPU.Build.0 = Debug|Any CPU
		{FA6DC8D8-8C01-4F8B-A51F-090685434A47}.Release|Any CPU.ActiveCfg = Release|Any CPU
		{FA6DC8D8-8C01-4F8B-A51F-090685434A47}.Release|Any CPU.Build.0 = Release|Any CPU
		{E7D75969-6907-4F66-A1D2-033588B6C153}.Debug|Any CPU.ActiveCfg = Debug|Any CPU
		{E7D75969-6907-4F66-A1D2-033588B6C153}.Debug|Any CPU.Build.0 = Debug|Any CPU
		{E7D75969-6907-4F66-A1D2-033588B6C153}.Release|Any CPU.ActiveCfg = Release|Any CPU
		{E7D75969-6907-4F66-A1D2-033588B6C153}.Release|Any CPU.Build.0 = Release|Any CPU
		{0A798E78-6991-495A-A9FE-578A78658B8B}.Debug|Any CPU.ActiveCfg = Debug|Any CPU
		{0A798E78-6991-495A-A9FE-578A78658B8B}.Debug|Any CPU.Build.0 = Debug|Any CPU
		{0A798E78-6991-495A-A9FE-578A78658B8B}.Release|Any CPU.ActiveCfg = Release|Any CPU
		{0A798E78-6991-495A-A9FE-578A78658B8B}.Release|Any CPU.Build.0 = Release|Any CPU
		{01C2C610-1E07-4D31-944B-D967DECB53B4}.Debug|Any CPU.ActiveCfg = Debug|Any CPU
		{01C2C610-1E07-4D31-944B-D967DECB53B4}.Debug|Any CPU.Build.0 = Debug|Any CPU
		{01C2C610-1E07-4D31-944B-D967DECB53B4}.Release|Any CPU.ActiveCfg = Release|Any CPU
		{01C2C610-1E07-4D31-944B-D967DECB53B4}.Release|Any CPU.Build.0 = Release|Any CPU
		{8B4791F9-4665-41C5-A4B3-B954DBE5D453}.Debug|Any CPU.ActiveCfg = Debug|Any CPU
		{8B4791F9-4665-41C5-A4B3-B954DBE5D453}.Debug|Any CPU.Build.0 = Debug|Any CPU
		{8B4791F9-4665-41C5-A4B3-B954DBE5D453}.Release|Any CPU.ActiveCfg = Release|Any CPU
		{8B4791F9-4665-41C5-A4B3-B954DBE5D453}.Release|Any CPU.Build.0 = Release|Any CPU
	EndGlobalSection
	GlobalSection(SolutionProperties) = preSolution
		HideSolutionNode = FALSE
	EndGlobalSection
	GlobalSection(NestedProjects) = preSolution
		{2E76C896-C79E-4431-93F4-50A0AFBBA49D} = {C599CB95-6F53-49DA-89EB-3DF0810B35DA}
		{7B16EF29-1D2D-4955-ACA6-02BC1B874B44} = {3CE3C488-3EF0-4962-85A5-E122796956B6}
		{4E5DDCA9-FFC9-4168-87D5-2116A5988A57} = {3CE3C488-3EF0-4962-85A5-E122796956B6}
		{FA6DC8D8-8C01-4F8B-A51F-090685434A47} = {3CE3C488-3EF0-4962-85A5-E122796956B6}
		{E7D75969-6907-4F66-A1D2-033588B6C153} = {3CE3C488-3EF0-4962-85A5-E122796956B6}
		{0A798E78-6991-495A-A9FE-578A78658B8B} = {3CE3C488-3EF0-4962-85A5-E122796956B6}
		{01C2C610-1E07-4D31-944B-D967DECB53B4} = {3CE3C488-3EF0-4962-85A5-E122796956B6}
		{8B4791F9-4665-41C5-A4B3-B954DBE5D453} = {3CE3C488-3EF0-4962-85A5-E122796956B6}
	EndGlobalSection
	GlobalSection(ExtensibilityGlobals) = postSolution
		SolutionGuid = {0555E4CE-3B7F-47A2-A21A-CE97167CEEC4}
	EndGlobalSection
EndGlobal
